Microsoft Visual Studio Solution File, Format Version 11.00
# Visual Studio 2008

Project("{FA2B0C21-AF74-2AEC-256B-741E79613FB4}") = "Ping Pong", "Assembly-CSharp-vs.csproj", "{6E747589-EF27-14D7-0AFD-4E7EAB0C727C}"
EndProject
Global
	GlobalSection(SolutionConfigurationPlatforms) = preSolution
		Debug|Any CPU = Debug|Any CPU
		Release|Any CPU = Release|Any CPU
	EndGlobalSection
	GlobalSection(ProjectConfigurationPlatforms) = postSolution
		{6E747589-EF27-14D7-0AFD-4E7EAB0C727C}.Debug|Any CPU.ActiveCfg = Debug|Any CPU
		{6E747589-EF27-14D7-0AFD-4E7EAB0C727C}.Debug|Any CPU.Build.0 = Debug|Any CPU
		{6E747589-EF27-14D7-0AFD-4E7EAB0C727C}.Release|Any CPU.ActiveCfg = Release|Any CPU
		{6E747589-EF27-14D7-0AFD-4E7EAB0C727C}.Release|Any CPU.Build.0 = Release|Any CPU
	EndGlobalSection
	GlobalSection(SolutionProperties) = preSolution
		HideSolutionNode = FALSE
	EndGlobalSection
															GlobalSection(MonoDevelopProperties) = preSolution
		StartupItem = Assembly-CSharp.csproj
		Policies = $0
		$0.TextStylePolicy = $1
		$1.inheritsSet = null
		$1.scope = text/x-csharp
		$0.CSharpFormattingPolicy = $2
		$2.inheritsSet = Mono
		$2.inheritsScope = text/x-csharp
		$2.scope = text/x-csharp
		$0.TextStylePolicy = $3
		$3.FileWidth = 120
		$3.TabWidth = 4
		$3.IndentWidth = 4
		$3.EolMarker = Unix
		$3.inheritsSet = Mono
		$3.inheritsScope = text/plain
		$3.scope = text/plain
	EndGlobalSection

EndGlobal
